
Microsoft Visual Studio Solution File, Format Version 12.00
# Visual Studio Version 17
VisualStudioVersion = 17.11.35327.3
MinimumVisualStudioVersion = 10.0.40219.1
Project("{FAE04EC0-301F-11D3-BF4B-00C04F79EFBC}") = "07. OOP_UIT. Toán Tử Số Học - 2025 - 05 - 19", "..\07. OOP_UIT. Toán Tử Số Học - 2025 - 05 - 19\07. OOP_UIT. Toán Tử Số Học - 2025 - 05 - 19.csproj", "{B02A3D52-9C73-49EF-814D-728E6CDBBE66}"
EndProject
Project("{FAE04EC0-301F-11D3-BF4B-00C04F79EFBC}") = "10. 02. OOP_UIT. Thiết kế lớp CDiemKhongGian - 2025 - PT", "..\10. 02. OOP_UIT. Thiết kế lớp CDiemKhongGian - 2025 - PT\10. 02. OOP_UIT. Thiết kế lớp CDiemKhongGian - 2025 - PT.csproj", "{7A44DAAF-04BF-48FF-95AD-2478F1C0C361}"
EndProject
Project("{FAE04EC0-301F-11D3-BF4B-00C04F79EFBC}") = "10. 05. OOP_UIT. Thiết kế lớp - CSoPhuc - 2025 - PT", "..\10. 05. OOP_UIT. Thiết kế lớp - CSoPhuc - 2025 - PT\10. 05. OOP_UIT. Thiết kế lớp - CSoPhuc - 2025 - PT.csproj", "{33297102-38DB-4448-A37F-9D48324F9382}"
EndProject
Project("{FAE04EC0-301F-11D3-BF4B-00C04F79EFBC}") = "10. 08 OOP_UIT. Thiết kế lớp CDonThuc - 2025 - PT", "..\10. 08 OOP_UIT. Thiết kế lớp CDonThuc - 2025 - PT\10. 08 OOP_UIT. Thiết kế lớp CDonThuc - 2025 - PT.csproj", "{EE766C41-1272-4B04-AF9B-C8123F9675CA}"
EndProject
Project("{FAE04EC0-301F-11D3-BF4B-00C04F79EFBC}") = "10. 11 OOP_UIT. Thiết kế lớp CTamGiac - 2025", "..\10. 11 OOP_UIT. Thiết kế lớp CTamGiac - 2025\10. 11 OOP_UIT. Thiết kế lớp CTamGiac - 2025.csproj", "{2E31530B-E71E-4CF8-9ABB-BD3038FA255B}"
EndProject
Project("{FAE04EC0-301F-11D3-BF4B-00C04F79EFBC}") = "12. OOP_UIT. Đa Xạ - Phần 02 - 2025", "..\12. OOP_UIT. Đa Xạ - Phần 02 - 2025\12. OOP_UIT. Đa Xạ - Phần 02 - 2025.csproj", "{F30C8DC7-8986-47C4-B724-4690F46526C8}"
EndProject
Project("{FAE04EC0-301F-11D3-BF4B-00C04F79EFBC}") = "12. OOP_UIT. Đa Xạ - Phần 05 - 2025", "..\12. OOP_UIT. Đa Xạ - Phần 05 - 2025\12. OOP_UIT. Đa Xạ - Phần 05 - 2025.csproj", "{0EFEC2CF-B675-4318-9DF7-89C44D817803}"
EndProject
Project("{FAE04EC0-301F-11D3-BF4B-00C04F79EFBC}") = "13. OOP_UIT. Ứng Dụng Đa Xạ 03 - 2025", "..\13. OOP_UIT. Ứng Dụng Đa Xạ 03 - 2025\13. OOP_UIT. Ứng Dụng Đa Xạ 03 - 2025.csproj", "{B1D962E0-03CA-4E98-BDC2-7B7730E02CC5}"
EndProject
Project("{FAE04EC0-301F-11D3-BF4B-00C04F79EFBC}") = "10. 10. OOP_UIT. Thiết kế lớp CDuongTron", "..\10. 10. OOP_UIT. Thiết kế lớp CDuongTron\10. 10. OOP_UIT. Thiết kế lớp CDuongTron.csproj", "{465EA588-1CA1-4548-8460-22054C3FF40A}"
EndProject
Project("{FAE04EC0-301F-11D3-BF4B-00C04F79EFBC}") = "01. OOP_UIT. Ôn Tập - Giải Bài Tập - 2025 - 05 -17_Bai01", "..\01. OOP_UIT. Ôn Tập - Giải Bài Tập - 2025 - 05 -17_Bai01\01. OOP_UIT. Ôn Tập - Giải Bài Tập - 2025 - 05 -17_Bai01.csproj", "{2AD49B6B-B394-46E6-9C54-2A51A1C70084}"
EndProject
Project("{FAE04EC0-301F-11D3-BF4B-00C04F79EFBC}") = "01. OOP_UIT. Ôn Tập - Giải Bài Tập - 2025 - 05 -17_Bai02", "..\01. OOP_UIT. Ôn Tập - Giải Bài Tập - 2025 - 05 -17_Bai02\01. OOP_UIT. Ôn Tập - Giải Bài Tập - 2025 - 05 -17_Bai02.csproj", "{16CAD963-FA90-4937-A63A-40B2AF3DB1BA}"
EndProject
Project("{FAE04EC0-301F-11D3-BF4B-00C04F79EFBC}") = "01. OOP_UIT. Ôn Tập - Giải Bài Tập - 2025 - 05 -17_Bai03", "..\01. OOP_UIT. Ôn Tập - Giải Bài Tập - 2025 - 05 -17_Bai03\01. OOP_UIT. Ôn Tập - Giải Bài Tập - 2025 - 05 -17_Bai03.csproj", "{A9A9F345-B224-4DF9-A13C-215E3F6FD7DC}"
EndProject
Project("{FAE04EC0-301F-11D3-BF4B-00C04F79EFBC}") = "01. OOP_UIT. Ôn Tập - Giải Bài Tập - 2025 - 05 -17_Bai04", "..\01. OOP_UIT. Ôn Tập - Giải Bài Tập - 2025 - 05 -17_Bai04\01. OOP_UIT. Ôn Tập - Giải Bài Tập - 2025 - 05 -17_Bai04.csproj", "{2BC958DF-E311-4AB2-911A-E0C2DB95F24A}"
EndProject
Project("{FAE04EC0-301F-11D3-BF4B-00C04F79EFBC}") = "01. OOP_UIT. Ôn Tập - Giải Bài Tập - 2025 - 05 -17_Bai05", "..\01. OOP_UIT. Ôn Tập - Giải Bài Tập - 2025 - 05 -17_Bai05\01. OOP_UIT. Ôn Tập - Giải Bài Tập - 2025 - 05 -17_Bai05.csproj", "{4C06D868-C4C8-4BED-974D-6B26B6C64D99}"
EndProject
Project("{FAE04EC0-301F-11D3-BF4B-00C04F79EFBC}") = "01. OOP_UIT. Ôn Tập - Giải Bài Tập - 2025 - 05 -17_Bai06", "..\01. OOP_UIT. Ôn Tập - Giải Bài Tập - 2025 - 05 -17_Bai06\01. OOP_UIT. Ôn Tập - Giải Bài Tập - 2025 - 05 -17_Bai06.csproj", "{8E220AF8-4081-47DB-BE34-1D7710436E52}"
EndProject
Project("{FAE04EC0-301F-11D3-BF4B-00C04F79EFBC}") = "01. OOP_UIT. Ôn Tập - Giải Bài Tập - 2025 - 05 -17_Bai07", "..\01. OOP_UIT. Ôn Tập - Giải Bài Tập - 2025 - 05 -17_Bai07\01. OOP_UIT. Ôn Tập - Giải Bài Tập - 2025 - 05 -17_Bai07.csproj", "{C861D2B6-5C91-4000-BC5B-96568A853357}"
EndProject
Project("{FAE04EC0-301F-11D3-BF4B-00C04F79EFBC}") = "01. OOP_UIT. Ôn Tập - Giải Bài Tập - 2025 - 05 -17_Bai08", "..\01. OOP_UIT. Ôn Tập - Giải Bài Tập - 2025 - 05 -17_Bai08\01. OOP_UIT. Ôn Tập - Giải Bài Tập - 2025 - 05 -17_Bai08.csproj", "{EC657959-6B54-46CB-A4BF-2BC019F23726}"
EndProject
Project("{FAE04EC0-301F-11D3-BF4B-00C04F79EFBC}") = "01. OOP_UIT. Ôn Tập - Giải Bài Tập - 2025 - 05 -17_Bai09", "..\01. OOP_UIT. Ôn Tập - Giải Bài Tập - 2025 - 05 -17_Bai09\01. OOP_UIT. Ôn Tập - Giải Bài Tập - 2025 - 05 -17_Bai09.csproj", "{6CE99D7A-FE9A-4C83-BE5C-8FB7E701EA86}"
EndProject
Project("{FAE04EC0-301F-11D3-BF4B-00C04F79EFBC}") = "10. 04 OOP_UIT. Thiết kế lớp CHonSo - 2025 - PT", "..\10. 04 OOP_UIT. Thiết kế lớp CHonSo - 2025 - PT\10. 04 OOP_UIT. Thiết kế lớp CHonSo - 2025 - PT.csproj", "{F38A7FA2-1D8C-4A09-B4B6-AA446CA673A4}"
EndProject
Project("{FAE04EC0-301F-11D3-BF4B-00C04F79EFBC}") = "03. OOP_UIT. Lập Trình HĐT với C++ - Giải Bài Tập - 2023_Bai01", "..\03. OOP_UIT. Lập Trình HĐT với C++ - Giải Bài Tập - 2023_Bai01\03. OOP_UIT. Lập Trình HĐT với C++ - Giải Bài Tập - 2023_Bai01.csproj", "{FB579858-E613-4478-BAE1-6C6F592B6B89}"
EndProject
Project("{FAE04EC0-301F-11D3-BF4B-00C04F79EFBC}") = "03. OOP_UIT. Lập Trình HĐT với C++ - Giải Bài Tập - 2023_Bai02", "..\03. OOP_UIT. Lập Trình HĐT với C++ - Giải Bài Tập - 2023_Bai02\03. OOP_UIT. Lập Trình HĐT với C++ - Giải Bài Tập - 2023_Bai02.csproj", "{C5BE111E-AD91-46D8-8F44-CD529862AE90}"
EndProject
Project("{FAE04EC0-301F-11D3-BF4B-00C04F79EFBC}") = "03. OOP_UIT. Lập Trình HĐT với C++ - Giải Bài Tập - 2023_Bai03", "..\03. OOP_UIT. Lập Trình HĐT với C++ - Giải Bài Tập - 2023_Bai03\03. OOP_UIT. Lập Trình HĐT với C++ - Giải Bài Tập - 2023_Bai03.csproj", "{BE8FC47E-895F-4FD8-BDC4-588395952D93}"
EndProject
Project("{FAE04EC0-301F-11D3-BF4B-00C04F79EFBC}") = "03. OOP_UIT. Lập Trình HĐT với C++ - Giải Bài Tập - 2023_Bai04", "..\03. OOP_UIT. Lập Trình HĐT với C++ - Giải Bài Tập - 2023_Bai04\03. OOP_UIT. Lập Trình HĐT với C++ - Giải Bài Tập - 2023_Bai04.csproj", "{33C7B031-389C-462E-B627-1274FD5FDDA9}"
EndProject
Project("{FAE04EC0-301F-11D3-BF4B-00C04F79EFBC}") = "03. OOP_UIT. Lập Trình HĐT với C++ - Giải Bài Tập - 2023_Bai05", "..\03. OOP_UIT. Lập Trình HĐT với C++ - Giải Bài Tập - 2023_Bai05\03. OOP_UIT. Lập Trình HĐT với C++ - Giải Bài Tập - 2023_Bai05.csproj", "{72A90AB1-8DB9-4598-AA8E-2B2DF8EEE0D2}"
EndProject
Project("{FAE04EC0-301F-11D3-BF4B-00C04F79EFBC}") = "03. OOP_UIT. Lập Trình HĐT với C++ - Giải Bài Tập - 2023_Bai06", "..\03. OOP_UIT. Lập Trình HĐT với C++ - Giải Bài Tập - 2023_Bai06\03. OOP_UIT. Lập Trình HĐT với C++ - Giải Bài Tập - 2023_Bai06.csproj", "{7AA04A09-351C-4F14-9966-5EEE6202D5B9}"
EndProject
Project("{FAE04EC0-301F-11D3-BF4B-00C04F79EFBC}") = "03. OOP_UIT. Lập Trình HĐT với C++ - Giải Bài Tập - 2023_Bai07", "..\03. OOP_UIT. Lập Trình HĐT với C++ - Giải Bài Tập - 2023_Bai07\03. OOP_UIT. Lập Trình HĐT với C++ - Giải Bài Tập - 2023_Bai07.csproj", "{B88BD716-7EA2-4BF0-986E-6FB1919C3552}"
EndProject
Project("{FAE04EC0-301F-11D3-BF4B-00C04F79EFBC}") = "03. OOP_UIT. Lập Trình HĐT với C++ - Giải Bài Tập - 2023_Bai08", "..\03. OOP_UIT. Lập Trình HĐT với C++ - Giải Bài Tập - 2023_Bai08\03. OOP_UIT. Lập Trình HĐT với C++ - Giải Bài Tập - 2023_Bai08.csproj", "{15C4BE49-07F2-460C-AD1B-2CEA0E2D6CF4}"
EndProject
Project("{FAE04EC0-301F-11D3-BF4B-00C04F79EFBC}") = "03. OOP_UIT. Lập Trình HĐT với C++ - Giải Bài Tập - 2023_Bai09", "..\03. OOP_UIT. Lập Trình HĐT với C++ - Giải Bài Tập - 2023_Bai09\03. OOP_UIT. Lập Trình HĐT với C++ - Giải Bài Tập - 2023_Bai09.csproj", "{D90A70A2-0815-41A0-88F1-A933876A37C1}"
EndProject
Project("{FAE04EC0-301F-11D3-BF4B-00C04F79EFBC}") = "12. OOP_UIT. Đa Xạ - Phần 04 - 2025", "..\12. OOP_UIT. Đa Xạ - Phần 04 - 2025\12. OOP_UIT. Đa Xạ - Phần 04 - 2025.csproj", "{AB6EAA86-B922-4823-912C-24161BBB15CF}"
EndProject
Project("{FAE04EC0-301F-11D3-BF4B-00C04F79EFBC}") = "10. 01 OOP_UIT. Thiết kế lớp CDiem - 2025", "..\OOP_UIT. Thiết kế lớp CDiem - 2025\10. 01 OOP_UIT. Thiết kế lớp CDiem - 2025.csproj", "{1B24E87A-BB92-473A-A6D6-B4F83E2C3DA4}"
EndProject
Project("{FAE04EC0-301F-11D3-BF4B-00C04F79EFBC}") = "01. OOP_UIT. Ôn Tập - 2025 - 05 - 23 - Biến cục bộ", "..\01. OOP_UIT. Ôn Tập - 2025 - 05 - 23 - Biến cục bộ\01. OOP_UIT. Ôn Tập - 2025 - 05 - 23 - Biến cục bộ.csproj", "{1D86CCEF-79C3-E998-B04D-499911081D81}"
EndProject
Project("{FAE04EC0-301F-11D3-BF4B-00C04F79EFBC}") = "01. OOP_UIT. Ôn Tập - 2025 - 05 - 23 - Biến toàn cục", "..\01. OOP_UIT. Ôn Tập - 2025 - 05 - 23 - Biến toàn cục\01. OOP_UIT. Ôn Tập - 2025 - 05 - 23 - Biến toàn cục.csproj", "{0E5FD47C-9BA6-64E9-14D7-BF2AEDCF209C}"
EndProject
Project("{FAE04EC0-301F-11D3-BF4B-00C04F79EFBC}") = "01. OOP_UIT. Ôn Tập - 2025 - 05 - 23 - Hàm và biến toàn cục", "..\01. OOP_UIT. Ôn Tập - 2025 - 05 - 23 - Hàm và biến toàn cục\01. OOP_UIT. Ôn Tập - 2025 - 05 - 23 - Hàm và biến toàn cục.csproj", "{BFB0F7F1-C112-111E-B510-49EA7B63F586}"
EndProject
Project("{FAE04EC0-301F-11D3-BF4B-00C04F79EFBC}") = "01. OOP_UIT. Ôn Tập - 2025 - 05 - 23 - Kiểu cấu trúc", "..\01. OOP_UIT. Ôn Tập - 2025 - 05 - 23 - Kiểu cấu trúc\01. OOP_UIT. Ôn Tập - 2025 - 05 - 23 - Kiểu cấu trúc.csproj", "{4A69022D-4A9D-3A60-FF31-2770A916DF0F}"
EndProject
Project("{FAE04EC0-301F-11D3-BF4B-00C04F79EFBC}") = "01. OOP_UIT. Ôn Tập - 2025 - 05 - 23 - Tham số và hàm", "..\01. OOP_UIT. Ôn Tập - 2025 - 05 - 23 - Tham số và hàm\01. OOP_UIT. Ôn Tập - 2025 - 05 - 23 - Tham số và hàm.csproj", "{5D7CF044-324F-63F3-7A8C-4FABCC0653BD}"
EndProject
Project("{FAE04EC0-301F-11D3-BF4B-00C04F79EFBC}") = "01. OOP_UIT. Ôn Tập - 2025 - 05 - 23 - Ứng dụng 1", "..\01. OOP_UIT. Ôn Tập - 2025 - 05 - 23 - Ứng dụng 1\01. OOP_UIT. Ôn Tập - 2025 - 05 - 23 - Ứng dụng 1.csproj", "{64625465-7715-A9C6-45A0-82C3AECA3671}"
EndProject
Project("{FAE04EC0-301F-11D3-BF4B-00C04F79EFBC}") = "01. OOP_UIT. Ôn Tập - 2025 - 05 - 23 - Ứng dụng 2", "..\01. OOP_UIT. Ôn Tập - 2025 - 05 - 23 - Ứng dụng 2\01. OOP_UIT. Ôn Tập - 2025 - 05 - 23 - Ứng dụng 2.csproj", "{6754C4C5-9C2D-2A79-AFE0-F70D35C01E2C}"
EndProject
Project("{FAE04EC0-301F-11D3-BF4B-00C04F79EFBC}") = "03. OOP_UIT. Lập Trình HĐT với C++ - 2025 - Chương trình đầu tiên", "..\03. OOP_UIT. Lập Trình HĐT với C++ - 2025 - Chương trình đầu tiên\03. OOP_UIT. Lập Trình HĐT với C++ - 2025 - Chương trình đầu tiên.csproj", "{98B8E523-3081-9846-0655-53D7B0203E98}"
EndProject
Project("{FAE04EC0-301F-11D3-BF4B-00C04F79EFBC}") = "03. OOP_UIT. Lập Trình HĐT với C++ - 2025 - Ứng dụng 1", "..\03. OOP_UIT. Lập Trình HĐT với C++ - 2025 - Ứng dụng 1\03. OOP_UIT. Lập Trình HĐT với C++ - 2025 - Ứng dụng 1.csproj", "{5C4E38FE-E898-F20A-4AB1-394F095696DE}"
EndProject
Project("{FAE04EC0-301F-11D3-BF4B-00C04F79EFBC}") = "03. OOP_UIT. Lập Trình HĐT với C++ - 2025 - Ứng dụng 2", "..\03. OOP_UIT. Lập Trình HĐT với C++ - 2025 - Ứng dụng 2\03. OOP_UIT. Lập Trình HĐT với C++ - 2025 - Ứng dụng 2.csproj", "{2A9E4892-62FB-94E3-2AB3-8677BD5E239C}"
EndProject
Project("{FAE04EC0-301F-11D3-BF4B-00C04F79EFBC}") = "05. OOP_UIT. Thiết Lập-Phá Hủy - 2025 - CNgay", "..\05. OOP_UIT. Thiết Lập-Phá Hủy - 2025 - CNgay\05. OOP_UIT. Thiết Lập-Phá Hủy - 2025 - CNgay.csproj", "{48A53DA9-D6A4-8B1F-FBEC-74ECB11F191F}"
EndProject
Project("{FAE04EC0-301F-11D3-BF4B-00C04F79EFBC}") = "05. OOP_UIT. Thiết Lập-Phá Hủy - 2025 - CPhanSo", "..\05. OOP_UIT. Thiết Lập-Phá Hủy - 2025 - CPhanSo\05. OOP_UIT. Thiết Lập-Phá Hủy - 2025 - CPhanSo.csproj", "{6C0C0460-B0F4-4CD9-308E-32D14FAF9D04}"
EndProject
Project("{FAE04EC0-301F-11D3-BF4B-00C04F79EFBC}") = "08. OOP_UIT. Toán Tử So Sánh - 2025 - 05 - 19 - CHocSinh", "..\08. OOP_UIT. Toán Tử So Sánh - 2025 - 05 - 19 - CHocSinh\08. OOP_UIT. Toán Tử So Sánh - 2025 - 05 - 19 - CHocSinh.csproj", "{077B8A3C-5BA8-C756-85D1-ADF82EFC8723}"
EndProject
Project("{FAE04EC0-301F-11D3-BF4B-00C04F79EFBC}") = "08. OOP_UIT. Toán Tử So Sánh - 2025 - 05 - 19 - CPhanSo", "..\08. OOP_UIT. Toán Tử So Sánh - 2025 - 05 - 19 - CPhanSo\08. OOP_UIT. Toán Tử So Sánh - 2025 - 05 - 19 - CPhanSo.csproj", "{D29F3437-3936-E30A-D083-3B684B0C3A07}"
EndProject
Project("{FAE04EC0-301F-11D3-BF4B-00C04F79EFBC}") = "10. 03. OOP_UIT. Thiết kế lớp CPhanSo - 2025 - PT", "..\10. 03. OOP_UIT. Thiết kế lớp CPhanSo - 2025 - PT\10. 03. OOP_UIT. Thiết kế lớp CPhanSo - 2025 - PT.csproj", "{27232E2B-60E5-9EB4-6B6C-363524B242D1}"
EndProject
Project("{FAE04EC0-301F-11D3-BF4B-00C04F79EFBC}") = "10. 06. OOP_UIT. Thiết kế lớp CNgay - 2025 - PT", "..\10. 06. OOP_UIT. Thiết kế lớp CNgay - 2025 - PT\10. 06. OOP_UIT. Thiết kế lớp CNgay - 2025 - PT.csproj", "{6705148C-89BF-FACE-8455-E40552EC1086}"
EndProject
Project("{FAE04EC0-301F-11D3-BF4B-00C04F79EFBC}") = "10. 09 OOP_UIT. Thiết kế lớp CDuongThang - 2025 - PT", "..\10. 09 OOP_UIT. Thiết kế lớp CDuongThang - 2025 - PT\10. 09 OOP_UIT. Thiết kế lớp CDuongThang - 2025 - PT.csproj", "{503B3F29-2059-5ACA-0FE1-4FC8B89AF56F}"
EndProject
Global
	GlobalSection(SolutionConfigurationPlatforms) = preSolution
		Debug|Any CPU = Debug|Any CPU
		Release|Any CPU = Release|Any CPU
	EndGlobalSection
	GlobalSection(ProjectConfigurationPlatforms) = postSolution
		{B02A3D52-9C73-49EF-814D-728E6CDBBE66}.Debug|Any CPU.ActiveCfg = Debug|Any CPU
		{B02A3D52-9C73-49EF-814D-728E6CDBBE66}.Debug|Any CPU.Build.0 = Debug|Any CPU
		{B02A3D52-9C73-49EF-814D-728E6CDBBE66}.Release|Any CPU.ActiveCfg = Release|Any CPU
		{B02A3D52-9C73-49EF-814D-728E6CDBBE66}.Release|Any CPU.Build.0 = Release|Any CPU
		{7A44DAAF-04BF-48FF-95AD-2478F1C0C361}.Debug|Any CPU.ActiveCfg = Debug|Any CPU
		{7A44DAAF-04BF-48FF-95AD-2478F1C0C361}.Debug|Any CPU.Build.0 = Debug|Any CPU
		{7A44DAAF-04BF-48FF-95AD-2478F1C0C361}.Release|Any CPU.ActiveCfg = Release|Any CPU
		{7A44DAAF-04BF-48FF-95AD-2478F1C0C361}.Release|Any CPU.Build.0 = Release|Any CPU
		{33297102-38DB-4448-A37F-9D48324F9382}.Debug|Any CPU.ActiveCfg = Debug|Any CPU
		{33297102-38DB-4448-A37F-9D48324F9382}.Debug|Any CPU.Build.0 = Debug|Any CPU
		{33297102-38DB-4448-A37F-9D48324F9382}.Release|Any CPU.ActiveCfg = Release|Any CPU
		{33297102-38DB-4448-A37F-9D48324F9382}.Release|Any CPU.Build.0 = Release|Any CPU
		{EE766C41-1272-4B04-AF9B-C8123F9675CA}.Debug|Any CPU.ActiveCfg = Debug|Any CPU
		{EE766C41-1272-4B04-AF9B-C8123F9675CA}.Debug|Any CPU.Build.0 = Debug|Any CPU
		{EE766C41-1272-4B04-AF9B-C8123F9675CA}.Release|Any CPU.ActiveCfg = Release|Any CPU
		{EE766C41-1272-4B04-AF9B-C8123F9675CA}.Release|Any CPU.Build.0 = Release|Any CPU
		{2E31530B-E71E-4CF8-9ABB-BD3038FA255B}.Debug|Any CPU.ActiveCfg = Debug|Any CPU
		{2E31530B-E71E-4CF8-9ABB-BD3038FA255B}.Debug|Any CPU.Build.0 = Debug|Any CPU
		{2E31530B-E71E-4CF8-9ABB-BD3038FA255B}.Release|Any CPU.ActiveCfg = Release|Any CPU
		{2E31530B-E71E-4CF8-9ABB-BD3038FA255B}.Release|Any CPU.Build.0 = Release|Any CPU
		{F30C8DC7-8986-47C4-B724-4690F46526C8}.Debug|Any CPU.ActiveCfg = Debug|Any CPU
		{F30C8DC7-8986-47C4-B724-4690F46526C8}.Debug|Any CPU.Build.0 = Debug|Any CPU
		{F30C8DC7-8986-47C4-B724-4690F46526C8}.Release|Any CPU.ActiveCfg = Release|Any CPU
		{F30C8DC7-8986-47C4-B724-4690F46526C8}.Release|Any CPU.Build.0 = Release|Any CPU
		{0EFEC2CF-B675-4318-9DF7-89C44D817803}.Debug|Any CPU.ActiveCfg = Debug|Any CPU
		{0EFEC2CF-B675-4318-9DF7-89C44D817803}.Debug|Any CPU.Build.0 = Debug|Any CPU
		{0EFEC2CF-B675-4318-9DF7-89C44D817803}.Release|Any CPU.ActiveCfg = Release|Any CPU
		{0EFEC2CF-B675-4318-9DF7-89C44D817803}.Release|Any CPU.Build.0 = Release|Any CPU
		{B1D962E0-03CA-4E98-BDC2-7B7730E02CC5}.Debug|Any CPU.ActiveCfg = Debug|Any CPU
		{B1D962E0-03CA-4E98-BDC2-7B7730E02CC5}.Debug|Any CPU.Build.0 = Debug|Any CPU
		{B1D962E0-03CA-4E98-BDC2-7B7730E02CC5}.Release|Any CPU.ActiveCfg = Release|Any CPU
		{B1D962E0-03CA-4E98-BDC2-7B7730E02CC5}.Release|Any CPU.Build.0 = Release|Any CPU
		{465EA588-1CA1-4548-8460-22054C3FF40A}.Debug|Any CPU.ActiveCfg = Debug|Any CPU
		{465EA588-1CA1-4548-8460-22054C3FF40A}.Debug|Any CPU.Build.0 = Debug|Any CPU
		{465EA588-1CA1-4548-8460-22054C3FF40A}.Release|Any CPU.ActiveCfg = Release|Any CPU
		{465EA588-1CA1-4548-8460-22054C3FF40A}.Release|Any CPU.Build.0 = Release|Any CPU
		{2AD49B6B-B394-46E6-9C54-2A51A1C70084}.Debug|Any CPU.ActiveCfg = Debug|Any CPU
		{2AD49B6B-B394-46E6-9C54-2A51A1C70084}.Debug|Any CPU.Build.0 = Debug|Any CPU
		{2AD49B6B-B394-46E6-9C54-2A51A1C70084}.Release|Any CPU.ActiveCfg = Release|Any CPU
		{2AD49B6B-B394-46E6-9C54-2A51A1C70084}.Release|Any CPU.Build.0 = Release|Any CPU
		{16CAD963-FA90-4937-A63A-40B2AF3DB1BA}.Debug|Any CPU.ActiveCfg = Debug|Any CPU
		{16CAD963-FA90-4937-A63A-40B2AF3DB1BA}.Debug|Any CPU.Build.0 = Debug|Any CPU
		{16CAD963-FA90-4937-A63A-40B2AF3DB1BA}.Release|Any CPU.ActiveCfg = Release|Any CPU
		{16CAD963-FA90-4937-A63A-40B2AF3DB1BA}.Release|Any CPU.Build.0 = Release|Any CPU
		{A9A9F345-B224-4DF9-A13C-215E3F6FD7DC}.Debug|Any CPU.ActiveCfg = Debug|Any CPU
		{A9A9F345-B224-4DF9-A13C-215E3F6FD7DC}.Debug|Any CPU.Build.0 = Debug|Any CPU
		{A9A9F345-B224-4DF9-A13C-215E3F6FD7DC}.Release|Any CPU.ActiveCfg = Release|Any CPU
		{A9A9F345-B224-4DF9-A13C-215E3F6FD7DC}.Release|Any CPU.Build.0 = Release|Any CPU
		{2BC958DF-E311-4AB2-911A-E0C2DB95F24A}.Debug|Any CPU.ActiveCfg = Debug|Any CPU
		{2BC958DF-E311-4AB2-911A-E0C2DB95F24A}.Debug|Any CPU.Build.0 = Debug|Any CPU
		{2BC958DF-E311-4AB2-911A-E0C2DB95F24A}.Release|Any CPU.ActiveCfg = Release|Any CPU
		{2BC958DF-E311-4AB2-911A-E0C2DB95F24A}.Release|Any CPU.Build.0 = Release|Any CPU
		{4C06D868-C4C8-4BED-974D-6B26B6C64D99}.Debug|Any CPU.ActiveCfg = Debug|Any CPU
		{4C06D868-C4C8-4BED-974D-6B26B6C64D99}.Debug|Any CPU.Build.0 = Debug|Any CPU
		{4C06D868-C4C8-4BED-974D-6B26B6C64D99}.Release|Any CPU.ActiveCfg = Release|Any CPU
		{4C06D868-C4C8-4BED-974D-6B26B6C64D99}.Release|Any CPU.Build.0 = Release|Any CPU
		{8E220AF8-4081-47DB-BE34-1D7710436E52}.Debug|Any CPU.ActiveCfg = Debug|Any CPU
		{8E220AF8-4081-47DB-BE34-1D7710436E52}.Debug|Any CPU.Build.0 = Debug|Any CPU
		{8E220AF8-4081-47DB-BE34-1D7710436E52}.Release|Any CPU.ActiveCfg = Release|Any CPU
		{8E220AF8-4081-47DB-BE34-1D7710436E52}.Release|Any CPU.Build.0 = Release|Any CPU
		{C861D2B6-5C91-4000-BC5B-96568A853357}.Debug|Any CPU.ActiveCfg = Debug|Any CPU
		{C861D2B6-5C91-4000-BC5B-96568A853357}.Debug|Any CPU.Build.0 = Debug|Any CPU
		{C861D2B6-5C91-4000-BC5B-96568A853357}.Release|Any CPU.ActiveCfg = Release|Any CPU
		{C861D2B6-5C91-4000-BC5B-96568A853357}.Release|Any CPU.Build.0 = Release|Any CPU
		{EC657959-6B54-46CB-A4BF-2BC019F23726}.Debug|Any CPU.ActiveCfg = Debug|Any CPU
		{EC657959-6B54-46CB-A4BF-2BC019F23726}.Debug|Any CPU.Build.0 = Debug|Any CPU
		{EC657959-6B54-46CB-A4BF-2BC019F23726}.Release|Any CPU.ActiveCfg = Release|Any CPU
		{EC657959-6B54-46CB-A4BF-2BC019F23726}.Release|Any CPU.Build.0 = Release|Any CPU
		{6CE99D7A-FE9A-4C83-BE5C-8FB7E701EA86}.Debug|Any CPU.ActiveCfg = Debug|Any CPU
		{6CE99D7A-FE9A-4C83-BE5C-8FB7E701EA86}.Debug|Any CPU.Build.0 = Debug|Any CPU
		{6CE99D7A-FE9A-4C83-BE5C-8FB7E701EA86}.Release|Any CPU.ActiveCfg = Release|Any CPU
		{6CE99D7A-FE9A-4C83-BE5C-8FB7E701EA86}.Release|Any CPU.Build.0 = Release|Any CPU
		{F38A7FA2-1D8C-4A09-B4B6-AA446CA673A4}.Debug|Any CPU.ActiveCfg = Debug|Any CPU
		{F38A7FA2-1D8C-4A09-B4B6-AA446CA673A4}.Debug|Any CPU.Build.0 = Debug|Any CPU
		{F38A7FA2-1D8C-4A09-B4B6-AA446CA673A4}.Release|Any CPU.ActiveCfg = Release|Any CPU
		{F38A7FA2-1D8C-4A09-B4B6-AA446CA673A4}.Release|Any CPU.Build.0 = Release|Any CPU
		{FB579858-E613-4478-BAE1-6C6F592B6B89}.Debug|Any CPU.ActiveCfg = Debug|Any CPU
		{FB579858-E613-4478-BAE1-6C6F592B6B89}.Debug|Any CPU.Build.0 = Debug|Any CPU
		{FB579858-E613-4478-BAE1-6C6F592B6B89}.Release|Any CPU.ActiveCfg = Release|Any CPU
		{FB579858-E613-4478-BAE1-6C6F592B6B89}.Release|Any CPU.Build.0 = Release|Any CPU
		{C5BE111E-AD91-46D8-8F44-CD529862AE90}.Debug|Any CPU.ActiveCfg = Debug|Any CPU
		{C5BE111E-AD91-46D8-8F44-CD529862AE90}.Debug|Any CPU.Build.0 = Debug|Any CPU
		{C5BE111E-AD91-46D8-8F44-CD529862AE90}.Release|Any CPU.ActiveCfg = Release|Any CPU
		{C5BE111E-AD91-46D8-8F44-CD529862AE90}.Release|Any CPU.Build.0 = Release|Any CPU
		{BE8FC47E-895F-4FD8-BDC4-588395952D93}.Debug|Any CPU.ActiveCfg = Debug|Any CPU
		{BE8FC47E-895F-4FD8-BDC4-588395952D93}.Debug|Any CPU.Build.0 = Debug|Any CPU
		{BE8FC47E-895F-4FD8-BDC4-588395952D93}.Release|Any CPU.ActiveCfg = Release|Any CPU
		{BE8FC47E-895F-4FD8-BDC4-588395952D93}.Release|Any CPU.Build.0 = Release|Any CPU
		{33C7B031-389C-462E-B627-1274FD5FDDA9}.Debug|Any CPU.ActiveCfg = Debug|Any CPU
		{33C7B031-389C-462E-B627-1274FD5FDDA9}.Debug|Any CPU.Build.0 = Debug|Any CPU
		{33C7B031-389C-462E-B627-1274FD5FDDA9}.Release|Any CPU.ActiveCfg = Release|Any CPU
		{33C7B031-389C-462E-B627-1274FD5FDDA9}.Release|Any CPU.Build.0 = Release|Any CPU
		{72A90AB1-8DB9-4598-AA8E-2B2DF8EEE0D2}.Debug|Any CPU.ActiveCfg = Debug|Any CPU
		{72A90AB1-8DB9-4598-AA8E-2B2DF8EEE0D2}.Debug|Any CPU.Build.0 = Debug|Any CPU
		{72A90AB1-8DB9-4598-AA8E-2B2DF8EEE0D2}.Release|Any CPU.ActiveCfg = Release|Any CPU
		{72A90AB1-8DB9-4598-AA8E-2B2DF8EEE0D2}.Release|Any CPU.Build.0 = Release|Any CPU
		{7AA04A09-351C-4F14-9966-5EEE6202D5B9}.Debug|Any CPU.ActiveCfg = Debug|Any CPU
		{7AA04A09-351C-4F14-9966-5EEE6202D5B9}.Debug|Any CPU.Build.0 = Debug|Any CPU
		{7AA04A09-351C-4F14-9966-5EEE6202D5B9}.Release|Any CPU.ActiveCfg = Release|Any CPU
		{7AA04A09-351C-4F14-9966-5EEE6202D5B9}.Release|Any CPU.Build.0 = Release|Any CPU
		{B88BD716-7EA2-4BF0-986E-6FB1919C3552}.Debug|Any CPU.ActiveCfg = Debug|Any CPU
		{B88BD716-7EA2-4BF0-986E-6FB1919C3552}.Debug|Any CPU.Build.0 = Debug|Any CPU
		{B88BD716-7EA2-4BF0-986E-6FB1919C3552}.Release|Any CPU.ActiveCfg = Release|Any CPU
		{B88BD716-7EA2-4BF0-986E-6FB1919C3552}.Release|Any CPU.Build.0 = Release|Any CPU
		{15C4BE49-07F2-460C-AD1B-2CEA0E2D6CF4}.Debug|Any CPU.ActiveCfg = Debug|Any CPU
		{15C4BE49-07F2-460C-AD1B-2CEA0E2D6CF4}.Debug|Any CPU.Build.0 = Debug|Any CPU
		{15C4BE49-07F2-460C-AD1B-2CEA0E2D6CF4}.Release|Any CPU.ActiveCfg = Release|Any CPU
		{15C4BE49-07F2-460C-AD1B-2CEA0E2D6CF4}.Release|Any CPU.Build.0 = Release|Any CPU
		{D90A70A2-0815-41A0-88F1-A933876A37C1}.Debug|Any CPU.ActiveCfg = Debug|Any CPU
		{D90A70A2-0815-41A0-88F1-A933876A37C1}.Debug|Any CPU.Build.0 = Debug|Any CPU
		{D90A70A2-0815-41A0-88F1-A933876A37C1}.Release|Any CPU.ActiveCfg = Release|Any CPU
		{D90A70A2-0815-41A0-88F1-A933876A37C1}.Release|Any CPU.Build.0 = Release|Any CPU
		{AB6EAA86-B922-4823-912C-24161BBB15CF}.Debug|Any CPU.ActiveCfg = Debug|Any CPU
		{AB6EAA86-B922-4823-912C-24161BBB15CF}.Debug|Any CPU.Build.0 = Debug|Any CPU
		{AB6EAA86-B922-4823-912C-24161BBB15CF}.Release|Any CPU.ActiveCfg = Release|Any CPU
		{AB6EAA86-B922-4823-912C-24161BBB15CF}.Release|Any CPU.Build.0 = Release|Any CPU
		{1B24E87A-BB92-473A-A6D6-B4F83E2C3DA4}.Debug|Any CPU.ActiveCfg = Debug|Any CPU
		{1B24E87A-BB92-473A-A6D6-B4F83E2C3DA4}.Debug|Any CPU.Build.0 = Debug|Any CPU
		{1B24E87A-BB92-473A-A6D6-B4F83E2C3DA4}.Release|Any CPU.ActiveCfg = Release|Any CPU
		{1B24E87A-BB92-473A-A6D6-B4F83E2C3DA4}.Release|Any CPU.Build.0 = Release|Any CPU
		{1D86CCEF-79C3-E998-B04D-499911081D81}.Debug|Any CPU.ActiveCfg = Debug|Any CPU
		{1D86CCEF-79C3-E998-B04D-499911081D81}.Debug|Any CPU.Build.0 = Debug|Any CPU
		{1D86CCEF-79C3-E998-B04D-499911081D81}.Release|Any CPU.ActiveCfg = Release|Any CPU
		{1D86CCEF-79C3-E998-B04D-499911081D81}.Release|Any CPU.Build.0 = Release|Any CPU
		{0E5FD47C-9BA6-64E9-14D7-BF2AEDCF209C}.Debug|Any CPU.ActiveCfg = Debug|Any CPU
		{0E5FD47C-9BA6-64E9-14D7-BF2AEDCF209C}.Debug|Any CPU.Build.0 = Debug|Any CPU
		{0E5FD47C-9BA6-64E9-14D7-BF2AEDCF209C}.Release|Any CPU.ActiveCfg = Release|Any CPU
		{0E5FD47C-9BA6-64E9-14D7-BF2AEDCF209C}.Release|Any CPU.Build.0 = Release|Any CPU
		{BFB0F7F1-C112-111E-B510-49EA7B63F586}.Debug|Any CPU.ActiveCfg = Debug|Any CPU
		{BFB0F7F1-C112-111E-B510-49EA7B63F586}.Debug|Any CPU.Build.0 = Debug|Any CPU
		{BFB0F7F1-C112-111E-B510-49EA7B63F586}.Release|Any CPU.ActiveCfg = Release|Any CPU
		{BFB0F7F1-C112-111E-B510-49EA7B63F586}.Release|Any CPU.Build.0 = Release|Any CPU
		{4A69022D-4A9D-3A60-FF31-2770A916DF0F}.Debug|Any CPU.ActiveCfg = Debug|Any CPU
		{4A69022D-4A9D-3A60-FF31-2770A916DF0F}.Debug|Any CPU.Build.0 = Debug|Any CPU
		{4A69022D-4A9D-3A60-FF31-2770A916DF0F}.Release|Any CPU.ActiveCfg = Release|Any CPU
		{4A69022D-4A9D-3A60-FF31-2770A916DF0F}.Release|Any CPU.Build.0 = Release|Any CPU
		{5D7CF044-324F-63F3-7A8C-4FABCC0653BD}.Debug|Any CPU.ActiveCfg = Debug|Any CPU
		{5D7CF044-324F-63F3-7A8C-4FABCC0653BD}.Debug|Any CPU.Build.0 = Debug|Any CPU
		{5D7CF044-324F-63F3-7A8C-4FABCC0653BD}.Release|Any CPU.ActiveCfg = Release|Any CPU
		{5D7CF044-324F-63F3-7A8C-4FABCC0653BD}.Release|Any CPU.Build.0 = Release|Any CPU
		{64625465-7715-A9C6-45A0-82C3AECA3671}.Debug|Any CPU.ActiveCfg = Debug|Any CPU
		{64625465-7715-A9C6-45A0-82C3AECA3671}.Debug|Any CPU.Build.0 = Debug|Any CPU
		{64625465-7715-A9C6-45A0-82C3AECA3671}.Release|Any CPU.ActiveCfg = Release|Any CPU
		{64625465-7715-A9C6-45A0-82C3AECA3671}.Release|Any CPU.Build.0 = Release|Any CPU
		{6754C4C5-9C2D-2A79-AFE0-F70D35C01E2C}.Debug|Any CPU.ActiveCfg = Debug|Any CPU
		{6754C4C5-9C2D-2A79-AFE0-F70D35C01E2C}.Debug|Any CPU.Build.0 = Debug|Any CPU
		{6754C4C5-9C2D-2A79-AFE0-F70D35C01E2C}.Release|Any CPU.ActiveCfg = Release|Any CPU
		{6754C4C5-9C2D-2A79-AFE0-F70D35C01E2C}.Release|Any CPU.Build.0 = Release|Any CPU
		{98B8E523-3081-9846-0655-53D7B0203E98}.Debug|Any CPU.ActiveCfg = Debug|Any CPU
		{98B8E523-3081-9846-0655-53D7B0203E98}.Debug|Any CPU.Build.0 = Debug|Any CPU
		{98B8E523-3081-9846-0655-53D7B0203E98}.Release|Any CPU.ActiveCfg = Release|Any CPU
		{98B8E523-3081-9846-0655-53D7B0203E98}.Release|Any CPU.Build.0 = Release|Any CPU
		{5C4E38FE-E898-F20A-4AB1-394F095696DE}.Debug|Any CPU.ActiveCfg = Debug|Any CPU
		{5C4E38FE-E898-F20A-4AB1-394F095696DE}.Debug|Any CPU.Build.0 = Debug|Any CPU
		{5C4E38FE-E898-F20A-4AB1-394F095696DE}.Release|Any CPU.ActiveCfg = Release|Any CPU
		{5C4E38FE-E898-F20A-4AB1-394F095696DE}.Release|Any CPU.Build.0 = Release|Any CPU
		{2A9E4892-62FB-94E3-2AB3-8677BD5E239C}.Debug|Any CPU.ActiveCfg = Debug|Any CPU
		{2A9E4892-62FB-94E3-2AB3-8677BD5E239C}.Debug|Any CPU.Build.0 = Debug|Any CPU
		{2A9E4892-62FB-94E3-2AB3-8677BD5E239C}.Release|Any CPU.ActiveCfg = Release|Any CPU
		{2A9E4892-62FB-94E3-2AB3-8677BD5E239C}.Release|Any CPU.Build.0 = Release|Any CPU
		{48A53DA9-D6A4-8B1F-FBEC-74ECB11F191F}.Debug|Any CPU.ActiveCfg = Debug|Any CPU
		{48A53DA9-D6A4-8B1F-FBEC-74ECB11F191F}.Debug|Any CPU.Build.0 = Debug|Any CPU
		{48A53DA9-D6A4-8B1F-FBEC-74ECB11F191F}.Release|Any CPU.ActiveCfg = Release|Any CPU
		{48A53DA9-D6A4-8B1F-FBEC-74ECB11F191F}.Release|Any CPU.Build.0 = Release|Any CPU
		{6C0C0460-B0F4-4CD9-308E-32D14FAF9D04}.Debug|Any CPU.ActiveCfg = Debug|Any CPU
		{6C0C0460-B0F4-4CD9-308E-32D14FAF9D04}.Debug|Any CPU.Build.0 = Debug|Any CPU
		{6C0C0460-B0F4-4CD9-308E-32D14FAF9D04}.Release|Any CPU.ActiveCfg = Release|Any CPU
		{6C0C0460-B0F4-4CD9-308E-32D14FAF9D04}.Release|Any CPU.Build.0 = Release|Any CPU
		{077B8A3C-5BA8-C756-85D1-ADF82EFC8723}.Debug|Any CPU.ActiveCfg = Debug|Any CPU
		{077B8A3C-5BA8-C756-85D1-ADF82EFC8723}.Debug|Any CPU.Build.0 = Debug|Any CPU
		{077B8A3C-5BA8-C756-85D1-ADF82EFC8723}.Release|Any CPU.ActiveCfg = Release|Any CPU
		{077B8A3C-5BA8-C756-85D1-ADF82EFC8723}.Release|Any CPU.Build.0 = Release|Any CPU
		{D29F3437-3936-E30A-D083-3B684B0C3A07}.Debug|Any CPU.ActiveCfg = Debug|Any CPU
		{D29F3437-3936-E30A-D083-3B684B0C3A07}.Debug|Any CPU.Build.0 = Debug|Any CPU
		{D29F3437-3936-E30A-D083-3B684B0C3A07}.Release|Any CPU.ActiveCfg = Release|Any CPU
		{D29F3437-3936-E30A-D083-3B684B0C3A07}.Release|Any CPU.Build.0 = Release|Any CPU
		{27232E2B-60E5-9EB4-6B6C-363524B242D1}.Debug|Any CPU.ActiveCfg = Debug|Any CPU
		{27232E2B-60E5-9EB4-6B6C-363524B242D1}.Debug|Any CPU.Build.0 = Debug|Any CPU
		{27232E2B-60E5-9EB4-6B6C-363524B242D1}.Release|Any CPU.ActiveCfg = Release|Any CPU
		{27232E2B-60E5-9EB4-6B6C-363524B242D1}.Release|Any CPU.Build.0 = Release|Any CPU
		{6705148C-89BF-FACE-8455-E40552EC1086}.Debug|Any CPU.ActiveCfg = Debug|Any CPU
		{6705148C-89BF-FACE-8455-E40552EC1086}.Debug|Any CPU.Build.0 = Debug|Any CPU
		{6705148C-89BF-FACE-8455-E40552EC1086}.Release|Any CPU.ActiveCfg = Release|Any CPU
		{6705148C-89BF-FACE-8455-E40552EC1086}.Release|Any CPU.Build.0 = Release|Any CPU
		{503B3F29-2059-5ACA-0FE1-4FC8B89AF56F}.Debug|Any CPU.ActiveCfg = Debug|Any CPU
		{503B3F29-2059-5ACA-0FE1-4FC8B89AF56F}.Debug|Any CPU.Build.0 = Debug|Any CPU
		{503B3F29-2059-5ACA-0FE1-4FC8B89AF56F}.Release|Any CPU.ActiveCfg = Release|Any CPU
		{503B3F29-2059-5ACA-0FE1-4FC8B89AF56F}.Release|Any CPU.Build.0 = Release|Any CPU
	EndGlobalSection
	GlobalSection(SolutionProperties) = preSolution
		HideSolutionNode = FALSE
	EndGlobalSection
	GlobalSection(ExtensibilityGlobals) = postSolution
		SolutionGuid = {4014ECDC-307F-410D-AC0F-9F98EA8BA389}
	EndGlobalSection
EndGlobal
